
Microsoft Visual Studio Solution File, Format Version 12.00
# Visual Studio Version 17
VisualStudioVersion = 17.0.32014.148
MinimumVisualStudioVersion = 10.0.40219.1
Project("{FAE04EC0-301F-11D3-BF4B-00C04F79EFBC}") = "EventScheduler.Android", "EventScheduler\EventScheduler.Android\EventScheduler.Android.csproj", "{E48011CF-46FC-4D26-B7BD-EFDEDF266989}"
EndProject
Project("{FAE04EC0-301F-11D3-BF4B-00C04F79EFBC}") = "EventScheduler", "EventScheduler\EventScheduler\EventScheduler.csproj", "{B85BA0E9-0AE4-49A6-9A64-DC5240CA7370}"
EndProject
Global
	GlobalSection(SolutionConfigurationPlatforms) = preSolution
		Debug|Any CPU = Debug|Any CPU
		Release|Any CPU = Release|Any CPU
	EndGlobalSection
	GlobalSection(ProjectConfigurationPlatforms) = postSolution
		{E48011CF-46FC-4D26-B7BD-EFDEDF266989}.Debug|Any CPU.ActiveCfg = Debug|Any CPU
		{E48011CF-46FC-4D26-B7BD-EFDEDF266989}.Debug|Any CPU.Build.0 = Debug|Any CPU
		{E48011CF-46FC-4D26-B7BD-EFDEDF266989}.Debug|Any CPU.Deploy.0 = Debug|Any CPU
		{E48011CF-46FC-4D26-B7BD-EFDEDF266989}.Release|Any CPU.ActiveCfg = Release|Any CPU
		{E48011CF-46FC-4D26-B7BD-EFDEDF266989}.Release|Any CPU.Build.0 = Release|Any CPU
		{E48011CF-46FC-4D26-B7BD-EFDEDF266989}.Release|Any CPU.Deploy.0 = Release|Any CPU
		{B85BA0E9-0AE4-49A6-9A64-DC5240CA7370}.Debug|Any CPU.ActiveCfg = Debug|Any CPU
		{B85BA0E9-0AE4-49A6-9A64-DC5240CA7370}.Debug|Any CPU.Build.0 = Debug|Any CPU
		{B85BA0E9-0AE4-49A6-9A64-DC5240CA7370}.Debug|Any CPU.Deploy.0 = Debug|Any CPU
		{B85BA0E9-0AE4-49A6-9A64-DC5240CA7370}.Release|Any CPU.ActiveCfg = Release|Any CPU
		{B85BA0E9-0AE4-49A6-9A64-DC5240CA7370}.Release|Any CPU.Build.0 = Release|Any CPU
		{B85BA0E9-0AE4-49A6-9A64-DC5240CA7370}.Release|Any CPU.Deploy.0 = Release|Any CPU
	EndGlobalSection
	GlobalSection(SolutionProperties) = preSolution
		HideSolutionNode = FALSE
	EndGlobalSection
	GlobalSection(ExtensibilityGlobals) = postSolution
		SolutionGuid = {FE3EA938-8C7F-44C0-8501-9F2AF62217BC}
	EndGlobalSection
EndGlobal
